{
  "nodes": {
    "agenix": {
      "inputs": {
        "darwin": [
          "darwin"
        ],
        "home-manager": [
          "home-manager"
        ],
        "nixpkgs": [
          "nixpkgs"
        ]
      },
      "locked": {
        "lastModified": 1695384796,
        "narHash": "sha256-TYlE4B0ktPtlJJF9IFxTWrEeq+XKG8Ny0gc2FGEAdj0=",
        "owner": "ryantm",
        "repo": "agenix",
        "rev": "1f677b3e161d3bdbfd08a939e8f25de2568e0ef4",
        "type": "github"
      },
      "original": {
        "owner": "ryantm",
        "repo": "agenix",
        "type": "github"
      }
    },
    "darwin": {
      "inputs": {
        "nixpkgs": [
          "nixpkgs"
        ]
      },
      "locked": {
        "lastModified": 1696043447,
        "narHash": "sha256-VbJ1dY5pVH2fX1bS+cT2+4+BYEk4lMHRP0+udu9G6tk=",
        "owner": "LnL7",
        "repo": "nix-darwin",
        "rev": "792c2e01347cb1b2e7ec84a1ef73453ca86537d8",
        "type": "github"
      },
      "original": {
        "id": "nix-darwin",
        "type": "indirect"
      }
    },
    "home-manager": {
      "inputs": {
        "nixpkgs": [
          "nixpkgs"
        ]
      },
      "locked": {
        "lastModified": 1695984718,
        "narHash": "sha256-LQwKgaaaFOkIcxarf0xQXeDJFwZ5BZWcgmPeo3xp2CM=",
        "owner": "nix-community",
        "repo": "home-manager",
        "rev": "4f02e35f9d150573e1a710afa338846c2f6d850c",
        "type": "github"
      },
      "original": {
        "id": "home-manager",
        "type": "indirect"
      }
    },
    "nixpkgs": {
      "locked": {
        "lastModified": 1696053575,
        "narHash": "sha256-NUHqf1heTt1tmk4E2+oTDang4Mastj1c9Ws8rskhS24=",
        "owner": "NixOS",
        "repo": "nixpkgs",
        "rev": "6c681f121f81fa5d2c55181402ace5c317d686c4",
        "type": "github"
      },
      "original": {
        "id": "nixpkgs",
        "ref": "master",
        "type": "indirect"
      }
    },
    "osu-lazer-bin": {
      "inputs": {
        "nixpkgs": [
          "nixpkgs"
        ],
        "utils": [
          "utils"
        ]
      },
      "locked": {
        "lastModified": 1695888110,
        "narHash": "sha256-tvXD+70UmvBSodmLTjiZ6QA3HeLpgV18XqIooK68uW4=",
        "owner": "stepbrobd",
        "repo": "osu-overlay",
        "rev": "dcecf4dc2f27b873b52fb338e020ff0d7a0fc729",
        "type": "github"
      },
      "original": {
        "owner": "stepbrobd",
        "repo": "osu-overlay",
        "type": "github"
      }
    },
    "raycast": {
      "inputs": {
        "nixpkgs": [
          "nixpkgs"
        ],
        "utils": [
          "utils"
        ]
      },
      "locked": {
        "lastModified": 1695888174,
        "narHash": "sha256-Nk2ryPzy7YQ90L8TC6m6/sKDZTlgq168g4Z92+odPAo=",
        "owner": "stepbrobd",
        "repo": "raycast-overlay",
        "rev": "5564b490750662059b8a1f4a5f1ef99ffb8c416a",
        "type": "github"
      },
      "original": {
        "owner": "stepbrobd",
        "repo": "raycast-overlay",
        "type": "github"
      }
    },
    "root": {
      "inputs": {
        "agenix": "agenix",
        "darwin": "darwin",
        "home-manager": "home-manager",
        "nixpkgs": "nixpkgs",
        "osu-lazer-bin": "osu-lazer-bin",
        "raycast": "raycast",
        "schemas": "schemas",
        "utils": "utils",
        "vscode": "vscode"
      }
    },
    "schemas": {
      "locked": {
        "lastModified": 1693615523,
        "narHash": "sha256-LeyH24etXCxNJviWptyLy2DPT9xt+oOs/zE66To1iPY=",
        "owner": "determinatesystems",
        "repo": "flake-schemas",
        "rev": "8940e872c4f8c7cd7d0a1ec169fa0a24697b1f1c",
        "type": "github"
      },
      "original": {
        "owner": "determinatesystems",
        "repo": "flake-schemas",
        "type": "github"
      }
    },
    "systems": {
      "locked": {
        "lastModified": 1681028828,
        "narHash": "sha256-Vy1rq5AaRuLzOxct8nz4T6wlgyUR7zLU309k9mBC768=",
        "owner": "nix-systems",
        "repo": "default",
        "rev": "da67096a3b9bf56a91d16901293e51ba5b49a27e",
        "type": "github"
      },
      "original": {
        "owner": "nix-systems",
        "repo": "default",
        "type": "github"
      }
    },
    "utils": {
      "inputs": {
        "systems": "systems"
      },
      "locked": {
        "lastModified": 1694529238,
        "narHash": "sha256-zsNZZGTGnMOf9YpHKJqMSsa0dXbfmxeoJ7xHlrt+xmY=",
        "owner": "numtide",
        "repo": "flake-utils",
        "rev": "ff7b65b44d01cf9ba6a71320833626af21126384",
        "type": "github"
      },
      "original": {
        "owner": "numtide",
        "repo": "flake-utils",
        "type": "github"
      }
    },
    "vscode": {
      "inputs": {
        "nixpkgs": [
          "nixpkgs"
        ],
        "utils": [
          "utils"
        ]
      },
      "locked": {
        "lastModified": 1696033279,
        "narHash": "sha256-JgFTwkLGrJcWga5XX5oLq53kjs/qyfHI7psLPFXOgwE=",
        "owner": "stepbrobd",
        "repo": "vscode-overlay",
        "rev": "dd329d2fedb80f318dd963b676fb4a2ff5ca7c0a",
        "type": "github"
      },
      "original": {
        "owner": "stepbrobd",
        "repo": "vscode-overlay",
        "type": "github"
      }
    }
  },
  "root": "root",
  "version": 7
}
