{
  "nodes": {
    "autopilot": {
      "inputs": {
        "nixpkgs": [
          "nixpkgs"
        ],
        "parts": [
          "parts"
        ],
        "systems": [
          "systems"
        ]
      },
      "locked": {
        "lastModified": 1734225345,
        "narHash": "sha256-6mI7tVAMz87p/voi4nqVqR5t11CD6VbMVsdGtLQKr4U=",
        "owner": "stepbrobd",
        "repo": "autopilot",
        "rev": "a5c995353efe7ecd0f79ee988ae1c3825ae47736",
        "type": "github"
      },
      "original": {
        "owner": "stepbrobd",
        "repo": "autopilot",
        "type": "github"
      }
    },
    "colmena": {
      "inputs": {
        "flake-compat": [
          "compat"
        ],
        "flake-utils": [
          "utils"
        ],
        "nix-github-actions": [],
        "nixpkgs": [
          "nixpkgs"
        ],
        "stable": [
          "nixpkgs"
        ]
      },
      "locked": {
        "lastModified": 1734897875,
        "narHash": "sha256-LLpiqfOGBippRax9F33kSJ/Imt8gJXb6o0JwSBiNHCk=",
        "owner": "zhaofengli",
        "repo": "colmena",
        "rev": "a6b51f5feae9bfb145daa37fd0220595acb7871e",
        "type": "github"
      },
      "original": {
        "owner": "zhaofengli",
        "repo": "colmena",
        "type": "github"
      }
    },
    "compat": {
      "flake": false,
      "locked": {
        "lastModified": 1733328505,
        "narHash": "sha256-NeCCThCEP3eCl2l/+27kNNK7QrwZB1IJCrXfrbv5oqU=",
        "owner": "edolstra",
        "repo": "flake-compat",
        "rev": "ff81ac966bb2cae68946d5ed5fc4994f96d0ffec",
        "type": "github"
      },
      "original": {
        "owner": "edolstra",
        "repo": "flake-compat",
        "type": "github"
      }
    },
    "crane": {
      "locked": {
        "lastModified": 1737689766,
        "narHash": "sha256-ivVXYaYlShxYoKfSo5+y5930qMKKJ8CLcAoIBPQfJ6s=",
        "owner": "ipetkov",
        "repo": "crane",
        "rev": "6fe74265bbb6d016d663b1091f015e2976c4a527",
        "type": "github"
      },
      "original": {
        "owner": "ipetkov",
        "repo": "crane",
        "type": "github"
      }
    },
    "darwin": {
      "inputs": {
        "nixpkgs": [
          "nixpkgs"
        ]
      },
      "locked": {
        "lastModified": 1738033138,
        "narHash": "sha256-qlIM8A3bdL9c6PexhpS+QyZLO9y/8a3V75HVyJgDE5Q=",
        "owner": "lnl7",
        "repo": "nix-darwin",
        "rev": "349a74c66c596ef97ee97b4d80a3ca61227b6120",
        "type": "github"
      },
      "original": {
        "owner": "lnl7",
        "repo": "nix-darwin",
        "type": "github"
      }
    },
    "devshell": {
      "inputs": {
        "nixpkgs": [
          "nixpkgs"
        ]
      },
      "locked": {
        "lastModified": 1735644329,
        "narHash": "sha256-tO3HrHriyLvipc4xr+Ewtdlo7wM1OjXNjlWRgmM7peY=",
        "owner": "numtide",
        "repo": "devshell",
        "rev": "f7795ede5b02664b57035b3b757876703e2c3eac",
        "type": "github"
      },
      "original": {
        "owner": "numtide",
        "repo": "devshell",
        "type": "github"
      }
    },
    "disko": {
      "inputs": {
        "nixpkgs": [
          "nixpkgs"
        ]
      },
      "locked": {
        "lastModified": 1737038063,
        "narHash": "sha256-rMEuiK69MDhjz1JgbaeQ9mBDXMJ2/P8vmOYRbFndXsk=",
        "owner": "nix-community",
        "repo": "disko",
        "rev": "bf0abfde48f469c256f2b0f481c6281ff04a5db2",
        "type": "github"
      },
      "original": {
        "owner": "nix-community",
        "repo": "disko",
        "type": "github"
      }
    },
    "flakey-profile": {
      "locked": {
        "lastModified": 1712898590,
        "narHash": "sha256-FhGIEU93VHAChKEXx905TSiPZKga69bWl1VB37FK//I=",
        "owner": "lf-",
        "repo": "flakey-profile",
        "rev": "243c903fd8eadc0f63d205665a92d4df91d42d9d",
        "type": "github"
      },
      "original": {
        "owner": "lf-",
        "repo": "flakey-profile",
        "type": "github"
      }
    },
    "gallery": {
      "flake": false,
      "locked": {
        "lastModified": 1738033683,
        "narHash": "sha256-4uDifXLVQ9W26HDTq4zNbcf94Z8HWHS3oro28NTatV4=",
        "owner": "sambecker",
        "repo": "exif-photo-blog",
        "rev": "c692e95693e760ff8024f87382526c85b62c5d61",
        "type": "github"
      },
      "original": {
        "owner": "sambecker",
        "repo": "exif-photo-blog",
        "type": "github"
      }
    },
    "garnix": {
      "inputs": {
        "nixpkgs": [
          "nixpkgs"
        ]
      },
      "locked": {
        "lastModified": 1737730240,
        "narHash": "sha256-4WPTxfY2XX13fcyQdzMO+8VjQKCcAf+78u1+1Y1wIHs=",
        "owner": "garnix-io",
        "repo": "garnix-lib",
        "rev": "22f244c723924550983237c2b105a7f56006ab4e",
        "type": "github"
      },
      "original": {
        "owner": "garnix-io",
        "repo": "garnix-lib",
        "type": "github"
      }
    },
    "git-hooks": {
      "inputs": {
        "flake-compat": [
          "compat"
        ],
        "gitignore": [
          "gitignore"
        ],
        "nixpkgs": [
          "nixpkgs"
        ]
      },
      "locked": {
        "lastModified": 1737465171,
        "narHash": "sha256-R10v2hoJRLq8jcL4syVFag7nIGE7m13qO48wRIukWNg=",
        "owner": "cachix",
        "repo": "git-hooks.nix",
        "rev": "9364dc02281ce2d37a1f55b6e51f7c0f65a75f17",
        "type": "github"
      },
      "original": {
        "owner": "cachix",
        "repo": "git-hooks.nix",
        "type": "github"
      }
    },
    "gitignore": {
      "inputs": {
        "nixpkgs": [
          "nixpkgs"
        ]
      },
      "locked": {
        "lastModified": 1709087332,
        "narHash": "sha256-HG2cCnktfHsKV0s4XW83gU3F57gaTljL9KNSuG6bnQs=",
        "owner": "hercules-ci",
        "repo": "gitignore.nix",
        "rev": "637db329424fd7e46cf4185293b9cc8c88c95394",
        "type": "github"
      },
      "original": {
        "owner": "hercules-ci",
        "repo": "gitignore.nix",
        "type": "github"
      }
    },
    "golink": {
      "inputs": {
        "nixpkgs": [
          "nixpkgs"
        ],
        "parts": [
          "parts"
        ],
        "systems": [
          "systems"
        ]
      },
      "locked": {
        "lastModified": 1736559065,
        "narHash": "sha256-nagT/6nkC4k+Ec5KC6l8OmntFuvN2nu8QMy0/6M03rg=",
        "owner": "stepbrobd",
        "repo": "golink",
        "rev": "03140593e85bfbf2d663a29c697df81c4a1a17d0",
        "type": "github"
      },
      "original": {
        "owner": "stepbrobd",
        "repo": "golink",
        "type": "github"
      }
    },
    "hm": {
      "inputs": {
        "nixpkgs": [
          "nixpkgs"
        ]
      },
      "locked": {
        "lastModified": 1737968762,
        "narHash": "sha256-xiPARGKwocaMtv+U/rgi+h2g56CZZEmrcl7ldRaslq8=",
        "owner": "nix-community",
        "repo": "home-manager",
        "rev": "e1ae908bcc30af792b0bb0a52e53b03d2577255e",
        "type": "github"
      },
      "original": {
        "owner": "nix-community",
        "repo": "home-manager",
        "type": "github"
      }
    },
    "impermanence": {
      "locked": {
        "lastModified": 1737831083,
        "narHash": "sha256-LJggUHbpyeDvNagTUrdhe/pRVp4pnS6wVKALS782gRI=",
        "owner": "nix-community",
        "repo": "impermanence",
        "rev": "4b3e914cdf97a5b536a889e939fb2fd2b043a170",
        "type": "github"
      },
      "original": {
        "owner": "nix-community",
        "repo": "impermanence",
        "type": "github"
      }
    },
    "index": {
      "inputs": {
        "nixpkgs": [
          "nixpkgs"
        ]
      },
      "locked": {
        "lastModified": 1737861961,
        "narHash": "sha256-LIRtMvAwLGb8pBoamzgEF67oKlNPz4LuXiRPVZf+TpE=",
        "owner": "nix-community",
        "repo": "nix-index-database",
        "rev": "79b7b8eae3243fc5aa9aad34ba6b9bbb2266f523",
        "type": "github"
      },
      "original": {
        "owner": "nix-community",
        "repo": "nix-index-database",
        "type": "github"
      }
    },
    "lanzaboote": {
      "inputs": {
        "crane": [
          "crane"
        ],
        "flake-compat": [
          "compat"
        ],
        "flake-parts": [
          "parts"
        ],
        "nixpkgs": [
          "nixpkgs"
        ],
        "pre-commit-hooks-nix": [],
        "rust-overlay": [
          "rust-overlay"
        ]
      },
      "locked": {
        "lastModified": 1737639419,
        "narHash": "sha256-AEEDktApTEZ5PZXNDkry2YV2k6t0dTgLPEmAZbnigXU=",
        "owner": "nix-community",
        "repo": "lanzaboote",
        "rev": "a65905a09e2c43ff63be8c0e86a93712361f871e",
        "type": "github"
      },
      "original": {
        "owner": "nix-community",
        "ref": "v0.4.2",
        "repo": "lanzaboote",
        "type": "github"
      }
    },
    "lix": {
      "flake": false,
      "locked": {
        "lastModified": 1729298361,
        "narHash": "sha256-hiGtfzxFkDc9TSYsb96Whg0vnqBVV7CUxyscZNhed0U=",
        "ref": "refs/tags/2.91.1",
        "rev": "ad9d06f7838a25beec425ff406fe68721fef73be",
        "revCount": 16139,
        "type": "git",
        "url": "https://git@git.lix.systems/lix-project/lix"
      },
      "original": {
        "ref": "refs/tags/2.91.1",
        "type": "git",
        "url": "https://git@git.lix.systems/lix-project/lix"
      }
    },
    "lix-module": {
      "inputs": {
        "flake-utils": [
          "utils"
        ],
        "flakey-profile": [
          "flakey-profile"
        ],
        "lix": [
          "lix"
        ],
        "nixpkgs": [
          "nixpkgs"
        ]
      },
      "locked": {
        "lastModified": 1732605668,
        "narHash": "sha256-DN5/166jhiiAW0Uw6nueXaGTueVxhfZISAkoxasmz/g=",
        "ref": "refs/tags/2.91.1-2",
        "rev": "f19bd752910bbe3a861c9cad269bd078689d50fe",
        "revCount": 113,
        "type": "git",
        "url": "https://git.lix.systems/lix-project/nixos-module"
      },
      "original": {
        "ref": "refs/tags/2.91.1-2",
        "type": "git",
        "url": "https://git.lix.systems/lix-project/nixos-module"
      }
    },
    "nixos-generators": {
      "inputs": {
        "nixlib": [
          "nixpkgs"
        ],
        "nixpkgs": [
          "nixpkgs"
        ]
      },
      "locked": {
        "lastModified": 1737057290,
        "narHash": "sha256-3Pe0yKlCc7EOeq1X/aJVDH0CtNL+tIBm49vpepwL1MQ=",
        "owner": "nix-community",
        "repo": "nixos-generators",
        "rev": "d002ce9b6e7eb467cd1c6bb9aef9c35d191b5453",
        "type": "github"
      },
      "original": {
        "owner": "nix-community",
        "repo": "nixos-generators",
        "type": "github"
      }
    },
    "nixos-hardware": {
      "locked": {
        "lastModified": 1737751639,
        "narHash": "sha256-ZEbOJ9iT72iwqXsiEMbEa8wWjyFvRA9Ugx8utmYbpz4=",
        "owner": "nixos",
        "repo": "nixos-hardware",
        "rev": "dfad538f751a5aa5d4436d9781ab27a6128ec9d4",
        "type": "github"
      },
      "original": {
        "owner": "nixos",
        "repo": "nixos-hardware",
        "type": "github"
      }
    },
    "nixpkgs": {
      "locked": {
        "lastModified": 1737885589,
        "narHash": "sha256-Zf0hSrtzaM1DEz8//+Xs51k/wdSajticVrATqDrfQjg=",
        "owner": "nixos",
        "repo": "nixpkgs",
        "rev": "852ff1d9e153d8875a83602e03fdef8a63f0ecf8",
        "type": "github"
      },
      "original": {
        "owner": "nixos",
        "ref": "nixos-unstable",
        "repo": "nixpkgs",
        "type": "github"
      }
    },
    "nixvim": {
      "inputs": {
        "devshell": [
          "devshell"
        ],
        "flake-compat": [
          "compat"
        ],
        "flake-parts": [
          "parts"
        ],
        "git-hooks": [
          "git-hooks"
        ],
        "home-manager": [
          "hm"
        ],
        "nix-darwin": [
          "darwin"
        ],
        "nixpkgs": [
          "nixpkgs"
        ],
        "nuschtosSearch": [],
        "treefmt-nix": []
      },
      "locked": {
        "lastModified": 1738072328,
        "narHash": "sha256-x327ZMMCyETNXyIhuZfp2SGqFpSxwzZwAPDg4PqszVk=",
        "owner": "nix-community",
        "repo": "nixvim",
        "rev": "818c2906e9a51082da7f2ec70565702d622c2987",
        "type": "github"
      },
      "original": {
        "owner": "nix-community",
        "repo": "nixvim",
        "type": "github"
      }
    },
    "parts": {
      "inputs": {
        "nixpkgs-lib": [
          "nixpkgs"
        ]
      },
      "locked": {
        "lastModified": 1736143030,
        "narHash": "sha256-+hu54pAoLDEZT9pjHlqL9DNzWz0NbUn8NEAHP7PQPzU=",
        "owner": "hercules-ci",
        "repo": "flake-parts",
        "rev": "b905f6fc23a9051a6e1b741e1438dbfc0634c6de",
        "type": "github"
      },
      "original": {
        "owner": "hercules-ci",
        "repo": "flake-parts",
        "type": "github"
      }
    },
    "root": {
      "inputs": {
        "autopilot": "autopilot",
        "colmena": "colmena",
        "compat": "compat",
        "crane": "crane",
        "darwin": "darwin",
        "devshell": "devshell",
        "disko": "disko",
        "flakey-profile": "flakey-profile",
        "gallery": "gallery",
        "garnix": "garnix",
        "git-hooks": "git-hooks",
        "gitignore": "gitignore",
        "golink": "golink",
        "hm": "hm",
        "impermanence": "impermanence",
        "index": "index",
        "lanzaboote": "lanzaboote",
        "lix": "lix",
        "lix-module": "lix-module",
        "nixos-generators": "nixos-generators",
        "nixos-hardware": "nixos-hardware",
        "nixpkgs": "nixpkgs",
        "nixvim": "nixvim",
        "parts": "parts",
        "rust-overlay": "rust-overlay",
        "schemas": "schemas",
        "sops": "sops",
        "srvos": "srvos",
        "systems": "systems",
        "terranix": "terranix",
        "utils": "utils"
      }
    },
    "rust-overlay": {
      "inputs": {
        "nixpkgs": [
          "nixpkgs"
        ]
      },
      "locked": {
        "lastModified": 1738031147,
        "narHash": "sha256-F4Iuu4YmqbIP7pba3tvfT2jh+Ydri4Hm51Gn0ep504w=",
        "owner": "oxalica",
        "repo": "rust-overlay",
        "rev": "9a55a224af34b4f74526c261aeccd8d40af5e4f2",
        "type": "github"
      },
      "original": {
        "owner": "oxalica",
        "repo": "rust-overlay",
        "type": "github"
      }
    },
    "schemas": {
      "locked": {
        "lastModified": 1732736109,
        "narHash": "sha256-sDfSZI8EveU09O9O/oFkarm8V4ERX0G6pAy2NBk6aD8=",
        "owner": "determinatesystems",
        "repo": "flake-schemas",
        "rev": "acb99ce31a50f0ae93826a8ce15728db097e3cda",
        "type": "github"
      },
      "original": {
        "owner": "determinatesystems",
        "repo": "flake-schemas",
        "type": "github"
      }
    },
    "sops": {
      "inputs": {
        "nixpkgs": [
          "nixpkgs"
        ]
      },
      "locked": {
        "lastModified": 1737411508,
        "narHash": "sha256-j9IdflJwRtqo9WpM0OfAZml47eBblUHGNQTe62OUqTw=",
        "owner": "Mic92",
        "repo": "sops-nix",
        "rev": "015d461c16678fc02a2f405eb453abb509d4e1d4",
        "type": "github"
      },
      "original": {
        "owner": "Mic92",
        "repo": "sops-nix",
        "type": "github"
      }
    },
    "srvos": {
      "inputs": {
        "nixpkgs": [
          "nixpkgs"
        ]
      },
      "locked": {
        "lastModified": 1737939419,
        "narHash": "sha256-v2fz0KNXQF7yq1VTHKaF/dNpuUz1GgIMeimORSStg/E=",
        "owner": "nix-community",
        "repo": "srvos",
        "rev": "6d69a63fcb3a9b213ebd3b8754e71d2691fe3fbf",
        "type": "github"
      },
      "original": {
        "owner": "nix-community",
        "repo": "srvos",
        "type": "github"
      }
    },
    "systems": {
      "locked": {
        "lastModified": 1681028828,
        "narHash": "sha256-Vy1rq5AaRuLzOxct8nz4T6wlgyUR7zLU309k9mBC768=",
        "owner": "nix-systems",
        "repo": "default",
        "rev": "da67096a3b9bf56a91d16901293e51ba5b49a27e",
        "type": "github"
      },
      "original": {
        "owner": "nix-systems",
        "repo": "default",
        "type": "github"
      }
    },
    "terranix": {
      "inputs": {
        "bats-assert": [],
        "bats-support": [],
        "flake-parts": [
          "parts"
        ],
        "nixpkgs": [
          "nixpkgs"
        ],
        "systems": [
          "systems"
        ],
        "terranix-examples": []
      },
      "locked": {
        "lastModified": 1736894800,
        "narHash": "sha256-Wt3MohH6lx3dQnpYdkq1r3kopWaKVCiKesAzI10Jek0=",
        "owner": "terranix",
        "repo": "terranix",
        "rev": "cd369149ebe821ed81f58410f889e369820eb1a4",
        "type": "github"
      },
      "original": {
        "owner": "terranix",
        "repo": "terranix",
        "type": "github"
      }
    },
    "utils": {
      "inputs": {
        "systems": [
          "systems"
        ]
      },
      "locked": {
        "lastModified": 1731533236,
        "narHash": "sha256-l0KFg5HjrsfsO/JpG+r7fRrqm12kzFHyUHqHCVpMMbI=",
        "owner": "numtide",
        "repo": "flake-utils",
        "rev": "11707dc2f618dd54ca8739b309ec4fc024de578b",
        "type": "github"
      },
      "original": {
        "owner": "numtide",
        "repo": "flake-utils",
        "type": "github"
      }
    }
  },
  "root": "root",
  "version": 7
}
